Microsoft Visual Studio Solution File, Format Version 12.00
# Visual Studio 2012
Project("{FAE04EC0-301F-11D3-BF4B-00C04F79EFBC}") = "FBLA", "FBLA.csproj", "{CAEFDF80-263D-4621-9535-9D2BD710EBD5}"
EndProject
Global
	GlobalSection(SolutionConfigurationPlatforms) = preSolution
	Debug|Any CPU = Debug|Any CPU
	ExportDebug|Any CPU = ExportDebug|Any CPU
	ExportRelease|Any CPU = ExportRelease|Any CPU
	EndGlobalSection
	GlobalSection(ProjectConfigurationPlatforms) = postSolution
		{CAEFDF80-263D-4621-9535-9D2BD710EBD5}.Debug|Any CPU.ActiveCfg = Debug|Any CPU
		{CAEFDF80-263D-4621-9535-9D2BD710EBD5}.Debug|Any CPU.Build.0 = Debug|Any CPU
		{CAEFDF80-263D-4621-9535-9D2BD710EBD5}.ExportDebug|Any CPU.ActiveCfg = ExportDebug|Any CPU
		{CAEFDF80-263D-4621-9535-9D2BD710EBD5}.ExportDebug|Any CPU.Build.0 = ExportDebug|Any CPU
		{CAEFDF80-263D-4621-9535-9D2BD710EBD5}.ExportRelease|Any CPU.ActiveCfg = ExportRelease|Any CPU
		{CAEFDF80-263D-4621-9535-9D2BD710EBD5}.ExportRelease|Any CPU.Build.0 = ExportRelease|Any CPU
	EndGlobalSection
EndGlobal
